
Microsoft Visual Studio Solution File, Format Version 12.00
# Visual Studio Version 17
VisualStudioVersion = 17.11.35222.181
MinimumVisualStudioVersion = 10.0.40219.1
Project("{FAE04EC0-301F-11D3-BF4B-00C04F79EFBC}") = "RazorERPWebAPI", "RazorERPWebAPI\RazorERPWebAPI.csproj", "{CDFDF75B-94A3-442E-9404-55BE8F57F8FD}"
EndProject
Global
	GlobalSection(SolutionConfigurationPlatforms) = preSolution
		Debug|Any CPU = Debug|Any CPU
		Release|Any CPU = Release|Any CPU
	EndGlobalSection
	GlobalSection(ProjectConfigurationPlatforms) = postSolution
		{CDFDF75B-94A3-442E-9404-55BE8F57F8FD}.Debug|Any CPU.ActiveCfg = Debug|Any CPU
		{CDFDF75B-94A3-442E-9404-55BE8F57F8FD}.Debug|Any CPU.Build.0 = Debug|Any CPU
		{CDFDF75B-94A3-442E-9404-55BE8F57F8FD}.Release|Any CPU.ActiveCfg = Release|Any CPU
		{CDFDF75B-94A3-442E-9404-55BE8F57F8FD}.Release|Any CPU.Build.0 = Release|Any CPU
	EndGlobalSection
	GlobalSection(SolutionProperties) = preSolution
		HideSolutionNode = FALSE
	EndGlobalSection
	GlobalSection(ExtensibilityGlobals) = postSolution
		SolutionGuid = {4EA5FF28-7107-4FB4-84D8-8B4CA5753DC8}
	EndGlobalSection
EndGlobal
